// !$*UTF8*$!
{
	archiveVersion = 1;
	classes = {
	};
	objectVersion = 46;
	objects = {

/* Begin PBXBuildFile section */
		166C7DC61C82624100CD371D /* AppDelegate.swift in Sources */ = {isa = PBXBuildFile; fileRef = 166C7DC51C82624100CD371D /* AppDelegate.swift */; };
		166C7DC81C82624100CD371D /* ViewController.swift in Sources */ = {isa = PBXBuildFile; fileRef = 166C7DC71C82624100CD371D /* ViewController.swift */; };
		166C7DCB1C82624100CD371D /* Main.storyboard in Resources */ = {isa = PBXBuildFile; fileRef = 166C7DC91C82624100CD371D /* Main.storyboard */; };
		166C7DCD1C82624100CD371D /* Assets.xcassets in Resources */ = {isa = PBXBuildFile; fileRef = 166C7DCC1C82624100CD371D /* Assets.xcassets */; };
		166C7DD01C82624100CD371D /* LaunchScreen.storyboard in Resources */ = {isa = PBXBuildFile; fileRef = 166C7DCE1C82624100CD371D /* LaunchScreen.storyboard */; };
		EF67168169B73A9131F69C19 /* Pods_TwitterDemo.framework in Frameworks */ = {isa = PBXBuildFile; fileRef = CBA8CA77F8383976CD39C76D /* Pods_TwitterDemo.framework */; };
/* End PBXBuildFile section */

/* Begin PBXFileReference section */
		166C7DC21C82624100CD371D /* TwitterDemo.app */ = {isa = PBXFileReference; explicitFileType = wrapper.application; includeInIndex = 0; path = TwitterDemo.app; sourceTree = BUILT_PRODUCTS_DIR; };
		166C7DC51C82624100CD371D /* AppDelegate.swift */ = {isa = PBXFileReference; lastKnownFileType = sourcecode.swift; path = AppDelegate.swift; sourceTree = "<group>"; };
		166C7DC71C82624100CD371D /* ViewController.swift */ = {isa = PBXFileReference; lastKnownFileType = sourcecode.swift; path = ViewController.swift; sourceTree = "<group>"; };
		166C7DCA1C82624100CD371D /* Base */ = {isa = PBXFileReference; lastKnownFileType = file.storyboard; name = Base; path = Base.lproj/Main.storyboard; sourceTree = "<group>"; };
		166C7DCC1C82624100CD371D /* Assets.xcassets */ = {isa = PBXFileReference; lastKnownFileType = folder.assetcatalog; path = Assets.xcassets; sourceTree = "<group>"; };
		166C7DCF1C82624100CD371D /* Base */ = {isa = PBXFileReference; lastKnownFileType = file.storyboard; name = Base; path = Base.lproj/LaunchScreen.storyboard; sourceTree = "<group>"; };
		166C7DD11C82624100CD371D /* Info.plist */ = {isa = PBXFileReference; lastKnownFileType = text.plist.xml; path = Info.plist; sourceTree = "<group>"; };
		347878F691CA71855FA0CBD1 /* Pods-TwitterDemo.debug.xcconfig */ = {isa = PBXFileReference; includeInIndex = 1; lastKnownFileType = text.xcconfig; name = "Pods-TwitterDemo.debug.xcconfig"; path = "Pods/Target Support Files/Pods-TwitterDemo/Pods-TwitterDemo.debug.xcconfig"; sourceTree = "<group>"; };
		B5B2EC52AF3D91B8E4497332 /* Pods-TwitterDemo.release.xcconfig */ = {isa = PBXFileReference; includeInIndex = 1; lastKnownFileType = text.xcconfig; name = "Pods-TwitterDemo.release.xcconfig"; path = "Pods/Target Support Files/Pods-TwitterDemo/Pods-TwitterDemo.release.xcconfig"; sourceTree = "<group>"; };
		CBA8CA77F8383976CD39C76D /* Pods_TwitterDemo.framework */ = {isa = PBXFileReference; explicitFileType = wrapper.framework; includeInIndex = 0; path = Pods_TwitterDemo.framework; sourceTree = BUILT_PRODUCTS_DIR; };
/* End PBXFileReference section */

/* Begin PBXFrameworksBuildPhase section */
		166C7DBF1C82624100CD371D /* Frameworks */ = {
			isa = PBXFrameworksBuildPhase;
			buildActionMask = 2147483647;
			files = (
				EF67168169B73A9131F69C19 /* Pods_TwitterDemo.framework in Frameworks */,
			);
			runOnlyForDeploymentPostprocessing = 0;
		};
/* End PBXFrameworksBuildPhase section */

/* Begin PBXGroup section */
		166C7DB91C82624100CD371D = {
			isa = PBXGroup;
			children = (
				166C7DC41C82624100CD371D /* TwitterDemo */,
				166C7DC31C82624100CD371D /* Products */,
				DE4494B332985A8A595FB23D /* Pods */,
				C3262D69DC80AA087CD44F35 /* Frameworks */,
			);
			sourceTree = "<group>";
		};
		166C7DC31C82624100CD371D /* Products */ = {
			isa = PBXGroup;
			children = (
				166C7DC21C82624100CD371D /* TwitterDemo.app */,
			);
			name = Products;
			sourceTree = "<group>";
		};
		166C7DC41C82624100CD371D /* TwitterDemo */ = {
			isa = PBXGroup;
			children = (
				166C7DC51C82624100CD371D /* AppDelegate.swift */,
				166C7DC71C82624100CD371D /* ViewController.swift */,
				166C7DC91C82624100CD371D /* Main.storyboard */,
				166C7DCC1C82624100CD371D /* Assets.xcassets */,
				166C7DCE1C82624100CD371D /* LaunchScreen.storyboard */,
				166C7DD11C82624100CD371D /* Info.plist */,
			);
			path = TwitterDemo;
			sourceTree = "<group>";
		};
		C3262D69DC80AA087CD44F35 /* Frameworks */ = {
			isa = PBXGroup;
			children = (
				CBA8CA77F8383976CD39C76D /* Pods_TwitterDemo.framework */,
			);
			name = Frameworks;
			sourceTree = "<group>";
		};
		DE4494B332985A8A595FB23D /* Pods */ = {
			isa = PBXGroup;
			children = (
				347878F691CA71855FA0CBD1 /* Pods-TwitterDemo.debug.xcconfig */,
				B5B2EC52AF3D91B8E4497332 /* Pods-TwitterDemo.release.xcconfig */,
			);
			name = Pods;
			sourceTree = "<group>";
		};
/* End PBXGroup section */

/* Begin PBXNativeTarget section */
		166C7DC11C82624100CD371D /* TwitterDemo */ = {
			isa = PBXNativeTarget;
			buildConfigurationList = 166C7DD41C82624100CD371D /* Build configuration list for PBXNativeTarget "TwitterDemo" */;
			buildPhases = (
				6F5313B6A8ED4B61AEBF07D9 /* Check Pods Manifest.lock */,
				166C7DBE1C82624100CD371D /* Sources */,
				166C7DBF1C82624100CD371D /* Frameworks */,
				166C7DC01C82624100CD371D /* Resources */,
				57D3FAD7787ED84A4FD2BA1F /* Embed Pods Frameworks */,
				7AE674A4D5431CC2D5910E40 /* Copy Pods Resources */,
			);
			buildRules = (
			);
			dependencies = (
			);
			name = TwitterDemo;
			productName = TwitterDemo;
			productReference = 166C7DC21C82624100CD371D /* TwitterDemo.app */;
			productType = "com.apple.product-type.application";
		};
/* End PBXNativeTarget section */

/* Begin PBXProject section */
		166C7DBA1C82624100CD371D /* Project object */ = {
			isa = PBXProject;
			attributes = {
				LastSwiftUpdateCheck = 0720;
				LastUpgradeCheck = 0720;
				ORGANIZATIONNAME = "Maribel Montejano";
				TargetAttributes = {
					166C7DC11C82624100CD371D = {
						CreatedOnToolsVersion = 7.2;
						DevelopmentTeam = UGH37EQ5FB;
					};
				};
			};
			buildConfigurationList = 166C7DBD1C82624100CD371D /* Build configuration list for PBXProject "TwitterDemo" */;
			compatibilityVersion = "Xcode 3.2";
			developmentRegion = English;
			hasScannedForEncodings = 0;
			knownRegions = (
				en,
				Base,
			);
			mainGroup = 166C7DB91C82624100CD371D;
			productRefGroup = 166C7DC31C82624100CD371D /* Products */;
			projectDirPath = "";
			projectRoot = "";
			targets = (
				166C7DC11C82624100CD371D /* TwitterDemo */,
			);
		};
/* End PBXProject section */

/* Begin PBXResourcesBuildPhase section */
		166C7DC01C82624100CD371D /* Resources */ = {
			isa = PBXResourcesBuildPhase;
			buildActionMask = 2147483647;
			files = (
				166C7DD01C82624100CD371D /* LaunchScreen.storyboard in Resources */,
				166C7DCD1C82624100CD371D /* Assets.xcassets in Resources */,
				166C7DCB1C82624100CD371D /* Main.storyboard in Resources */,
			);
			runOnlyForDeploymentPostprocessing = 0;
		};
/* End PBXResourcesBuildPhase section */

/* Begin PBXShellScriptBuildPhase section */
		57D3FAD7787ED84A4FD2BA1F /* Embed Pods Frameworks */ = {
			isa = PBXShellScriptBuildPhase;
			buildActionMask = 2147483647;
			files = (
			);
			inputPaths = (
			);
			name = "Embed Pods Frameworks";
			outputPaths = (
			);
			runOnlyForDeploymentPostprocessing = 0;
			shellPath = /bin/sh;
			shellScript = "\"${SRCROOT}/Pods/Target Support Files/Pods-TwitterDemo/Pods-TwitterDemo-frameworks.sh\"\n";
			showEnvVarsInLog = 0;
		};
		6F5313B6A8ED4B61AEBF07D9 /* Check Pods Manifest.lock */ = {
			isa = PBXShellScriptBuildPhase;
			buildActionMask = 2147483647;
			files = (
			);
			inputPaths = (
			);
			name = "Check Pods Manifest.lock";
			outputPaths = (
			);
			runOnlyForDeploymentPostprocessing = 0;
			shellPath = /bin/sh;
			shellScript = "diff \"${PODS_ROOT}/../Podfile.lock\" \"${PODS_ROOT}/Manifest.lock\" > /dev/null\nif [[ $? != 0 ]] ; then\n    cat << EOM\nerror: The sandbox is not in sync with the Podfile.lock. Run 'pod install' or update your CocoaPods installation.\nEOM\n    exit 1\nfi\n";
			showEnvVarsInLog = 0;
		};
		7AE674A4D5431CC2D5910E40 /* Copy Pods Resources */ = {
			isa = PBXShellScriptBuildPhase;
			buildActionMask = 2147483647;
			files = (
			);
			inputPaths = (
			);
			name = "Copy Pods Resources";
			outputPaths = (
			);
			runOnlyForDeploymentPostprocessing = 0;
			shellPath = /bin/sh;
			shellScript = "\"${SRCROOT}/Pods/Target Support Files/Pods-TwitterDemo/Pods-TwitterDemo-resources.sh\"\n";
			showEnvVarsInLog = 0;
		};
/* End PBXShellScriptBuildPhase section */

/* Begin PBXSourcesBuildPhase section */
		166C7DBE1C82624100CD371D /* Sources */ = {
			isa = PBXSourcesBuildPhase;
			buildActionMask = 2147483647;
			files = (
				166C7DC81C82624100CD371D /* ViewController.swift in Sources */,
				166C7DC61C82624100CD371D /* AppDelegate.swift in Sources */,
			);
			runOnlyForDeploymentPostprocessing = 0;
		};
/* End PBXSourcesBuildPhase section */

/* Begin PBXVariantGroup section */
		166C7DC91C82624100CD371D /* Main.storyboard */ = {
			isa = PBXVariantGroup;
			children = (
				166C7DCA1C82624100CD371D /* Base */,
			);
			name = Main.storyboard;
			sourceTree = "<group>";
		};
		166C7DCE1C82624100CD371D /* LaunchScreen.storyboard */ = {
			isa = PBXVariantGroup;
			children = (
				166C7DCF1C82624100CD371D /* Base */,
			);
			name = LaunchScreen.storyboard;
			sourceTree = "<group>";
		};
/* End PBXVariantGroup section */

/* Begin XCBuildConfiguration section */
		166C7DD21C82624100CD371D /* Debug */ = {
			isa = XCBuildConfiguration;
			buildSettings = {
				ALWAYS_SEARCH_USER_PATHS = NO;
				CLANG_CXX_LANGUAGE_STANDARD = "gnu++0x";
				CLANG_CXX_LIBRARY = "libc++";
				CLANG_ENABLE_MODULES = YES;
				CLANG_ENABLE_OBJC_ARC = YES;
				CLANG_WARN_BOOL_CONVERSION = YES;
				CLANG_WARN_CONSTANT_CONVERSION = YES;
				CLANG_WARN_DIRECT_OBJC_ISA_USAGE = YES_ERROR;
				CLANG_WARN_EMPTY_BODY = YES;
				CLANG_WARN_ENUM_CONVERSION = YES;
				CLANG_WARN_INT_CONVERSION = YES;
				CLANG_WARN_OBJC_ROOT_CLASS = YES_ERROR;
				CLANG_WARN_UNREACHABLE_CODE = YES;
				CLANG_WARN__DUPLICATE_METHOD_MATCH = YES;
				"CODE_SIGN_IDENTITY[sdk=iphoneos*]" = "iPhone Developer";
				COPY_PHASE_STRIP = NO;
				DEBUG_INFORMATION_FORMAT = dwarf;
				ENABLE_STRICT_OBJC_MSGSEND = YES;
				ENABLE_TESTABILITY = YES;
				GCC_C_LANGUAGE_STANDARD = gnu99;
				GCC_DYNAMIC_NO_PIC = NO;
				GCC_NO_COMMON_BLOCKS = YES;
				GCC_OPTIMIZATION_LEVEL = 0;
				GCC_PREPROCESSOR_DEFINITIONS = (
					"DEBUG=1",
					"$(inherited)",
				);
				GCC_WARN_64_TO_32_BIT_CONVERSION = YES;
				GCC_WARN_ABOUT_RETURN_TYPE = YES_ERROR;
				GCC_WARN_UNDECLARED_SELECTOR = YES;
				GCC_WARN_UNINITIALIZED_AUTOS = YES_AGGRESSIVE;
				GCC_WARN_UNUSED_FUNCTION = YES;
				GCC_WARN_UNUSED_VARIABLE = YES;
				IPHONEOS_DEPLOYMENT_TARGET = 9.2;
				MTL_ENABLE_DEBUG_INFO = YES;
				ONLY_ACTIVE_ARCH = YES;
				SDKROOT = iphoneos;
				SWIFT_OPTIMIZATION_LEVEL = "-Onone";
			};
			name = Debug;
		};
		166C7DD31C82624100CD371D /* Release */ = {
			isa = XCBuildConfiguration;
			buildSettings = {
				ALWAYS_SEARCH_USER_PATHS = NO;
				CLANG_CXX_LANGUAGE_STANDARD = "gnu++0x";
				CLANG_CXX_LIBRARY = "libc++";
				CLANG_ENABLE_MODULES = YES;
				CLANG_ENABLE_OBJC_ARC = YES;
				CLANG_WARN_BOOL_CONVERSION = YES;
				CLANG_WARN_CONSTANT_CONVERSION = YES;
				CLANG_WARN_DIRECT_OBJC_ISA_USAGE = YES_ERROR;
				CLANG_WARN_EMPTY_BODY = YES;
				CLANG_WARN_ENUM_CONVERSION = YES;
				CLANG_WARN_INT_CONVERSION = YES;
				CLANG_WARN_OBJC_ROOT_CLASS = YES_ERROR;
				CLANG_WARN_UNREACHABLE_CODE = YES;
				CLANG_WARN__DUPLICATE_METHOD_MATCH = YES;
				"CODE_SIGN_IDENTITY[sdk=iphoneos*]" = "iPhone Developer";
				COPY_PHASE_STRIP = NO;
				DEBUG_INFORMATION_FORMAT = "dwarf-with-dsym";
				ENABLE_NS_ASSERTIONS = NO;
				ENABLE_STRICT_OBJC_MSGSEND = YES;
				GCC_C_LANGUAGE_STANDARD = gnu99;
				GCC_NO_COMMON_BLOCKS = YES;
				GCC_WARN_64_TO_32_BIT_CONVERSION = YES;
				GCC_WARN_ABOUT_RETURN_TYPE = YES_ERROR;
				GCC_WARN_UNDECLARED_SELECTOR = YES;
				GCC_WARN_UNINITIALIZED_AUTOS = YES_AGGRESSIVE;
				GCC_WARN_UNUSED_FUNCTION = YES;
				GCC_WARN_UNUSED_VARIABLE = YES;
				IPHONEOS_DEPLOYMENT_TARGET = 9.2;
				MTL_ENABLE_DEBUG_INFO = NO;
				SDKROOT = iphoneos;
				VALIDATE_PRODUCT = YES;
			};
			name = Release;
		};
		166C7DD51C82624100CD371D /* Debug */ = {
			isa = XCBuildConfiguration;
			baseConfigurationReference = 347878F691CA71855FA0CBD1 /* Pods-TwitterDemo.debug.xcconfig */;
			buildSettings = {
				ASSETCATALOG_COMPILER_APPICON_NAME = AppIcon;
				INFOPLIST_FILE = TwitterDemo/Info.plist;
				LD_RUNPATH_SEARCH_PATHS = "$(inherited) @executable_path/Frameworks";
				PRODUCT_BUNDLE_IDENTIFIER = com.codepath.TwitterDemo;
				PRODUCT_NAME = "$(TARGET_NAME)";
			};
			name = Debug;
		};
		166C7DD61C82624100CD371D /* Release */ = {
			isa = XCBuildConfiguration;
			baseConfigurationReference = B5B2EC52AF3D91B8E4497332 /* Pods-TwitterDemo.release.xcconfig */;
			buildSettings = {
				ASSETCATALOG_COMPILER_APPICON_NAME = AppIcon;
				INFOPLIST_FILE = TwitterDemo/Info.plist;
				LD_RUNPATH_SEARCH_PATHS = "$(inherited) @executable_path/Frameworks";
				PRODUCT_BUNDLE_IDENTIFIER = com.codepath.TwitterDemo;
				PRODUCT_NAME = "$(TARGET_NAME)";
			};
			name = Release;
		};
/* End XCBuildConfiguration section */

/* Begin XCConfigurationList section */
		166C7DBD1C82624100CD371D /* Build configuration list for PBXProject "TwitterDemo" */ = {
			isa = XCConfigurationList;
			buildConfigurations = (
				166C7DD21C82624100CD371D /* Debug */,
				166C7DD31C82624100CD371D /* Release */,
			);
			defaultConfigurationIsVisible = 0;
			defaultConfigurationName = Release;
		};
		166C7DD41C82624100CD371D /* Build configuration list for PBXNativeTarget "TwitterDemo" */ = {
			isa = XCConfigurationList;
			buildConfigurations = (
				166C7DD51C82624100CD371D /* Debug */,
				166C7DD61C82624100CD371D /* Release */,
			);
			defaultConfigurationIsVisible = 0;
			defaultConfigurationName = Release;
		};
/* End XCConfigurationList section */
	};
	rootObject = 166C7DBA1C82624100CD371D /* Project object */;
}
